<?xml version="1.0" encoding="utf-8"?>
<Project ToolsVersion="4.0" xmlns="http://schemas.microsoft.com/developer/msbuild/2003">
  <ItemGroup>
    <ClCompile Include="Core\DllMain.cpp">
      <Filter>Core</Filter>
    </ClCompile>
    <ClCompile Include="Core\Pch.cpp">
      <Filter>Core</Filter>
    </ClCompile>
    <ClCompile Include="Graphics\D3D11\D3D11Renderer.cpp">
      <Filter>Graphics\D3D11</Filter>
    </ClCompile>
  </ItemGroup>
  <ItemGroup>
    <ClInclude Include="Container\TreeMap.h">
      <Filter>Container</Filter>
    </ClInclude>
    <ClInclude Include="Math\Vector3.h">
      <Filter>Math</Filter>
    </ClInclude>
    <ClInclude Include="Math\Vector4.h">
      <Filter>Math</Filter>
    </ClInclude>
    <ClInclude Include="Core\ExcepAPI.h">
      <Filter>Core</Filter>
    </ClInclude>
    <ClInclude Include="Core\Types.h">
      <Filter>Core</Filter>
    </ClInclude>
    <ClInclude Include="Core\Pch.h">
      <Filter>Core</Filter>
    </ClInclude>
    <ClInclude Include="Graphics\D3D11\D3D11Renderer.h">
      <Filter>Graphics\D3D11</Filter>
    </ClInclude>
    <ClInclude Include="Container\DynamicArray.h">
      <Filter>Container</Filter>
    </ClInclude>
    <ClInclude Include="Container\StaticArray.h">
      <Filter>Container</Filter>
    </ClInclude>
  </ItemGroup>
  <ItemGroup>
    <None Include="Graphics\D3D11\Shaders\Default.vs.hlsl">
      <Filter>Graphics\D3D11\Shaders</Filter>
    </None>
    <None Include="Graphics\D3D11\Shaders\Default.ps.hlsl">
      <Filter>Graphics\D3D11\Shaders</Filter>
    </None>
  </ItemGroup>
  <ItemGroup>
    <Filter Include="Container">
      <UniqueIdentifier>{5593736e-f796-4600-bc4b-587b02df134a}</UniqueIdentifier>
    </Filter>
    <Filter Include="Math">
      <UniqueIdentifier>{b2240f81-9564-49fa-a1ff-b40beea066c5}</UniqueIdentifier>
    </Filter>
    <Filter Include="Core">
      <UniqueIdentifier>{018a0c72-1920-49f2-ba93-7fa681cd8ff4}</UniqueIdentifier>
    </Filter>
    <Filter Include="Graphics">
      <UniqueIdentifier>{7cdead1f-4264-467e-8c4c-c0b3711f515d}</UniqueIdentifier>
    </Filter>
    <Filter Include="Graphics\D3D11">
      <UniqueIdentifier>{5f2c31e0-6fcd-472f-ba97-f2e1a81d691d}</UniqueIdentifier>
    </Filter>
    <Filter Include="Graphics\D3D11\Shaders">
      <UniqueIdentifier>{ccf6531d-d7a6-4971-8d4b-16e0c43abbd0}</UniqueIdentifier>
    </Filter>
  </ItemGroup>
</Project>