<?xml version="1.0" encoding="utf-8"?>
<Project ToolsVersion="4.0" xmlns="http://schemas.microsoft.com/developer/msbuild/2003">
  <ItemGroup>
    <ClCompile Include="Core\DllMain.cpp">
      <Filter>Core</Filter>
    </ClCompile>
    <ClCompile Include="Core\Pch.cpp">
      <Filter>Core</Filter>
    </ClCompile>
    <ClCompile Include="Graphics\D3D11\D3D11Renderer.cpp">
      <Filter>Graphics\D3D11</Filter>
    </ClCompile>
  </ItemGroup>
  <ItemGroup>
    <ClInclude Include="Container\StaticArray.h">
      <Filter>Container</Filter>
    </ClInclude>
    <ClInclude Include="Math\Vector3.h">
      <Filter>Math</Filter>
    </ClInclude>
    <ClInclude Include="Math\Vector4.h">
      <Filter>Math</Filter>
    </ClInclude>
    <ClInclude Include="Core\ExcepAPI.h">
      <Filter>Core</Filter>
    </ClInclude>
    <ClInclude Include="Core\Types.h">
      <Filter>Core</Filter>
    </ClInclude>
    <ClInclude Include="Core\Pch.h">
      <Filter>Core</Filter>
    </ClInclude>
    <ClInclude Include="Graphics\D3D11\D3D11Renderer.h">
      <Filter>Graphics\D3D11</Filter>
    </ClInclude>
    <ClInclude Include="Container\DynamicArray.h">
      <Filter>Container</Filter>
    </ClInclude>
  </ItemGroup>
  <ItemGroup>
    <None Include="Graphics\D3D11\Shaders\Default.vs.hlsl">
      <Filter>Graphics\D3D11\Shaders</Filter>
    </None>
    <None Include="Graphics\D3D11\Shaders\Default.ps.hlsl">
      <Filter>Graphics\D3D11\Shaders</Filter>
    </None>
  </ItemGroup>
  <ItemGroup>
    <Filter Include="Container">
      <UniqueIdentifier>{4eb15b1d-557f-4970-aa99-81ca4c66ee43}</UniqueIdentifier>
    </Filter>
    <Filter Include="Math">
      <UniqueIdentifier>{3476a131-9bea-45e7-85ac-ebe7d8bb4230}</UniqueIdentifier>
    </Filter>
    <Filter Include="Core">
      <UniqueIdentifier>{be5f19b3-c869-4b50-a6fa-e9bc01e29ac6}</UniqueIdentifier>
    </Filter>
    <Filter Include="Graphics">
      <UniqueIdentifier>{b54a5ff8-8c73-40da-8676-9640f488bf48}</UniqueIdentifier>
    </Filter>
    <Filter Include="Graphics\D3D11">
      <UniqueIdentifier>{ce53829b-cb39-4964-b2d1-a70b9ad26570}</UniqueIdentifier>
    </Filter>
    <Filter Include="Graphics\D3D11\Shaders">
      <UniqueIdentifier>{85f6717d-cb6a-4626-9f1e-f593741e7b29}</UniqueIdentifier>
    </Filter>
  </ItemGroup>
</Project>