<?xml version="1.0" encoding="utf-8"?>
<Project ToolsVersion="4.0" xmlns="http://schemas.microsoft.com/developer/msbuild/2003">
  <ItemGroup>
    <ClCompile Include="Core\DllMain.cpp">
      <Filter>Core</Filter>
    </ClCompile>
    <ClCompile Include="Core\Pch.cpp">
      <Filter>Core</Filter>
    </ClCompile>
    <ClCompile Include="Graphics\D3D11\D3D11Renderer.cpp">
      <Filter>Graphics\D3D11</Filter>
    </ClCompile>
  </ItemGroup>
  <ItemGroup>
    <ClInclude Include="Container\String16.h">
      <Filter>Container</Filter>
    </ClInclude>
    <ClInclude Include="Container\String8.h">
      <Filter>Container</Filter>
    </ClInclude>
    <ClInclude Include="Math\Vector3.h">
      <Filter>Math</Filter>
    </ClInclude>
    <ClInclude Include="Math\Vector4.h">
      <Filter>Math</Filter>
    </ClInclude>
    <ClInclude Include="Core\ExcepAPI.h">
      <Filter>Core</Filter>
    </ClInclude>
    <ClInclude Include="Core\Types.h">
      <Filter>Core</Filter>
    </ClInclude>
    <ClInclude Include="Core\Pch.h">
      <Filter>Core</Filter>
    </ClInclude>
    <ClInclude Include="Graphics\D3D11\D3D11Renderer.h">
      <Filter>Graphics\D3D11</Filter>
    </ClInclude>
    <ClInclude Include="Container\DynamicArray.h">
      <Filter>Container</Filter>
    </ClInclude>
    <ClInclude Include="Container\StaticArray.h">
      <Filter>Container</Filter>
    </ClInclude>
    <ClInclude Include="Container\TreeMap.h">
      <Filter>Container</Filter>
    </ClInclude>
    <ClInclude Include="Container\HashMap.h">
      <Filter>Container</Filter>
    </ClInclude>
    <ClInclude Include="Container\TreeSet.h">
      <Filter>Container</Filter>
    </ClInclude>
    <ClInclude Include="Container\HashSet.h">
      <Filter>Container</Filter>
    </ClInclude>
  </ItemGroup>
  <ItemGroup>
    <None Include="Graphics\D3D11\Shaders\Default.vs.hlsl">
      <Filter>Graphics\D3D11\Shaders</Filter>
    </None>
    <None Include="Graphics\D3D11\Shaders\Default.ps.hlsl">
      <Filter>Graphics\D3D11\Shaders</Filter>
    </None>
  </ItemGroup>
  <ItemGroup>
    <Filter Include="Container">
      <UniqueIdentifier>{12033314-55f3-41bd-b8b6-32f5c040fe6a}</UniqueIdentifier>
    </Filter>
    <Filter Include="Math">
      <UniqueIdentifier>{0c69e644-c44d-4919-89ba-0b440ec15471}</UniqueIdentifier>
    </Filter>
    <Filter Include="Core">
      <UniqueIdentifier>{fb221d39-553b-4554-9430-2247daddd345}</UniqueIdentifier>
    </Filter>
    <Filter Include="Graphics">
      <UniqueIdentifier>{f15a930c-8eb4-41e8-9bcf-6626213a7a77}</UniqueIdentifier>
    </Filter>
    <Filter Include="Graphics\D3D11">
      <UniqueIdentifier>{6f4fae0d-bb79-4242-bb0c-13d27f9dbbe4}</UniqueIdentifier>
    </Filter>
    <Filter Include="Graphics\D3D11\Shaders">
      <UniqueIdentifier>{f53900b1-2737-4a34-b4dc-f0e5b67a9ad9}</UniqueIdentifier>
    </Filter>
  </ItemGroup>
</Project>