
Microsoft Visual Studio Solution File, Format Version 12.00
# Visual Studio Version 17
VisualStudioVersion = 17.14.36705.20 d17.14
MinimumVisualStudioVersion = 10.0.40219.1
Project("{8BC9CEB8-8B4A-11D0-8D11-00A0C91BC942}") = "Engine", "Engine\Engine.vcxproj", "{5FA0DB86-3EFB-40C9-9474-CB8D6CC8B3D8}"
EndProject
Project("{8BC9CEB8-8B4A-11D0-8D11-00A0C91BC942}") = "Editor", "Editor\Editor.vcxproj", "{43D2C9F8-7DA6-4475-AEB9-6C76CC5FDF12}"
EndProject
Global
	GlobalSection(SolutionConfigurationPlatforms) = preSolution
		Debug|x64 = Debug|x64
		Debug|x86 = Debug|x86
		Release|x64 = Release|x64
		Release|x86 = Release|x86
	EndGlobalSection
	GlobalSection(ProjectConfigurationPlatforms) = postSolution
		{5FA0DB86-3EFB-40C9-9474-CB8D6CC8B3D8}.Debug|x64.ActiveCfg = Debug|x64
		{5FA0DB86-3EFB-40C9-9474-CB8D6CC8B3D8}.Debug|x64.Build.0 = Debug|x64
		{5FA0DB86-3EFB-40C9-9474-CB8D6CC8B3D8}.Debug|x86.ActiveCfg = Debug|Win32
		{5FA0DB86-3EFB-40C9-9474-CB8D6CC8B3D8}.Debug|x86.Build.0 = Debug|Win32
		{5FA0DB86-3EFB-40C9-9474-CB8D6CC8B3D8}.Release|x64.ActiveCfg = Release|x64
		{5FA0DB86-3EFB-40C9-9474-CB8D6CC8B3D8}.Release|x64.Build.0 = Release|x64
		{5FA0DB86-3EFB-40C9-9474-CB8D6CC8B3D8}.Release|x86.ActiveCfg = Release|Win32
		{5FA0DB86-3EFB-40C9-9474-CB8D6CC8B3D8}.Release|x86.Build.0 = Release|Win32
		{43D2C9F8-7DA6-4475-AEB9-6C76CC5FDF12}.Debug|x64.ActiveCfg = Debug|x64
		{43D2C9F8-7DA6-4475-AEB9-6C76CC5FDF12}.Debug|x64.Build.0 = Debug|x64
		{43D2C9F8-7DA6-4475-AEB9-6C76CC5FDF12}.Debug|x86.ActiveCfg = Debug|Win32
		{43D2C9F8-7DA6-4475-AEB9-6C76CC5FDF12}.Debug|x86.Build.0 = Debug|Win32
		{43D2C9F8-7DA6-4475-AEB9-6C76CC5FDF12}.Release|x64.ActiveCfg = Release|x64
		{43D2C9F8-7DA6-4475-AEB9-6C76CC5FDF12}.Release|x64.Build.0 = Release|x64
		{43D2C9F8-7DA6-4475-AEB9-6C76CC5FDF12}.Release|x86.ActiveCfg = Release|Win32
		{43D2C9F8-7DA6-4475-AEB9-6C76CC5FDF12}.Release|x86.Build.0 = Release|Win32
	EndGlobalSection
	GlobalSection(SolutionProperties) = preSolution
		HideSolutionNode = FALSE
	EndGlobalSection
	GlobalSection(ExtensibilityGlobals) = postSolution
		SolutionGuid = {45A200B2-CB39-46AC-AE51-20C1D1801F57}
	EndGlobalSection
EndGlobal
