<?xml version="1.0" encoding="utf-8"?>
<Project ToolsVersion="4.0" xmlns="http://schemas.microsoft.com/developer/msbuild/2003">
  <ItemGroup>
    <ClCompile Include="Core\DllMain.cpp">
      <Filter>Core</Filter>
    </ClCompile>
    <ClCompile Include="Core\Pch.cpp">
      <Filter>Core</Filter>
    </ClCompile>
    <ClCompile Include="Graphics\D3D11\D3D11Renderer.cpp">
      <Filter>Graphics\D3D11</Filter>
    </ClCompile>
  </ItemGroup>
  <ItemGroup>
    <ClInclude Include="Core\ExcepAPI.h">
      <Filter>Core</Filter>
    </ClInclude>
    <ClInclude Include="Core\Pch.h">
      <Filter>Core</Filter>
    </ClInclude>
    <ClInclude Include="Graphics\D3D11\D3D11Renderer.h">
      <Filter>Graphics\D3D11</Filter>
    </ClInclude>
  </ItemGroup>
  <ItemGroup>
    <Filter Include="Core">
      <UniqueIdentifier>{ec2266fc-47dd-4752-821f-8abfbd78bb9e}</UniqueIdentifier>
    </Filter>
    <Filter Include="Graphics">
      <UniqueIdentifier>{e91c47bb-075f-4ecb-9287-1a097cf07d88}</UniqueIdentifier>
    </Filter>
    <Filter Include="Graphics\D3D11">
      <UniqueIdentifier>{569c9bd8-e60f-4915-bcd4-0a874467e8d0}</UniqueIdentifier>
    </Filter>
  </ItemGroup>
</Project>